# THIS IS AN AUTOGENERATED FILE. DO NOT EDIT THIS FILE DIRECTLY.
# yarn lockfile v1


"@types/node@18.11.18":
  version "18.11.18"
  resolved "https://registry.yarnpkg.com/@types/node/-/node-18.11.18.tgz#8dfb97f0da23c2293e554c5a50d61ef134d7697f"
  integrity sha512-DHQpWGjyQKSHj3ebjFI/wRKcqQcdR+MoFBygntYOZytCqNfkd2ZC4ARDJ2DQqhjH5p85Nnd3jhUJIXrszFX/JA==

neverthrow@6.0.0:
  version "6.0.0"
  resolved "https://registry.yarnpkg.com/neverthrow/-/neverthrow-6.0.0.tgz#bacd7661cade296ccc5c35760bb3b679214155b6"
  integrity sha512-kPZKRs4VkdloCGQXPoP84q4sT/1Z+lYM61AXyV8wWa2hnuo5KpPBF2S3crSFnMrOgUISmEBP8Vo/ngGZX60NhA==

typescript@4.9.4:
  version "4.9.4"
  resolved "https://registry.yarnpkg.com/typescript/-/typescript-4.9.4.tgz#a2a3d2756c079abda241d75f149df9d561091e78"
  integrity sha512-Uz+dTXYzxXXbsFpM86Wh3dKCxrQqUcVMxwU54orwlJjOpO3ao8L7j5lH+dWfTwgCwIuM9GQ2kvVotzYJMXTBZg==
